// !$*UTF8*$!
{
	archiveVersion = 1;
	classes = {
	};
	objectVersion = 46;
	objects = {

/* Begin PBXBuildFile section */
		DFEE283A1F23876500562F4A /* AppDelegate.swift in Sources */ = {isa = PBXBuildFile; fileRef = DFEE28391F23876500562F4A /* AppDelegate.swift */; };
		DFEE283C1F23876500562F4A /* ViewController.swift in Sources */ = {isa = PBXBuildFile; fileRef = DFEE283B1F23876500562F4A /* ViewController.swift */; };
		DFEE283F1F23876500562F4A /* Main.storyboard in Resources */ = {isa = PBXBuildFile; fileRef = DFEE283D1F23876500562F4A /* Main.storyboard */; };
		DFEE28411F23876500562F4A /* Assets.xcassets in Resources */ = {isa = PBXBuildFile; fileRef = DFEE28401F23876500562F4A /* Assets.xcassets */; };
		DFEE28441F23876500562F4A /* LaunchScreen.storyboard in Resources */ = {isa = PBXBuildFile; fileRef = DFEE28421F23876500562F4A /* LaunchScreen.storyboard */; };
		DFEE284F1F23876500562F4A /* FirstKadaiAppTests.swift in Sources */ = {isa = PBXBuildFile; fileRef = DFEE284E1F23876500562F4A /* FirstKadaiAppTests.swift */; };
		DFEE285A1F23876500562F4A /* FirstKadaiAppUITests.swift in Sources */ = {isa = PBXBuildFile; fileRef = DFEE28591F23876500562F4A /* FirstKadaiAppUITests.swift */; };
/* End PBXBuildFile section */

/* Begin PBXContainerItemProxy section */
		DFEE284B1F23876500562F4A /* PBXContainerItemProxy */ = {
			isa = PBXContainerItemProxy;
			containerPortal = DFEE282E1F23876500562F4A /* Project object */;
			proxyType = 1;
			remoteGlobalIDString = DFEE28351F23876500562F4A;
			remoteInfo = FirstKadaiApp;
		};
		DFEE28561F23876500562F4A /* PBXContainerItemProxy */ = {
			isa = PBXContainerItemProxy;
			containerPortal = DFEE282E1F23876500562F4A /* Project object */;
			proxyType = 1;
			remoteGlobalIDString = DFEE28351F23876500562F4A;
			remoteInfo = FirstKadaiApp;
		};
/* End PBXContainerItemProxy section */

/* Begin PBXFileReference section */
		DFEE28361F23876500562F4A /* FirstKadaiApp.app */ = {isa = PBXFileReference; explicitFileType = wrapper.application; includeInIndex = 0; path = FirstKadaiApp.app; sourceTree = BUILT_PRODUCTS_DIR; };
		DFEE28391F23876500562F4A /* AppDelegate.swift */ = {isa = PBXFileReference; lastKnownFileType = sourcecode.swift; path = AppDelegate.swift; sourceTree = "<group>"; };
		DFEE283B1F23876500562F4A /* ViewController.swift */ = {isa = PBXFileReference; lastKnownFileType = sourcecode.swift; path = ViewController.swift; sourceTree = "<group>"; };
		DFEE283E1F23876500562F4A /* Base */ = {isa = PBXFileReference; lastKnownFileType = file.storyboard; name = Base; path = Base.lproj/Main.storyboard; sourceTree = "<group>"; };
		DFEE28401F23876500562F4A /* Assets.xcassets */ = {isa = PBXFileReference; lastKnownFileType = folder.assetcatalog; path = Assets.xcassets; sourceTree = "<group>"; };
		DFEE28431F23876500562F4A /* Base */ = {isa = PBXFileReference; lastKnownFileType = file.storyboard; name = Base; path = Base.lproj/LaunchScreen.storyboard; sourceTree = "<group>"; };
		DFEE28451F23876500562F4A /* Info.plist */ = {isa = PBXFileReference; lastKnownFileType = text.plist.xml; path = Info.plist; sourceTree = "<group>"; };
		DFEE284A1F23876500562F4A /* FirstKadaiAppTests.xctest */ = {isa = PBXFileReference; explicitFileType = wrapper.cfbundle; includeInIndex = 0; path = FirstKadaiAppTests.xctest; sourceTree = BUILT_PRODUCTS_DIR; };
		DFEE284E1F23876500562F4A /* FirstKadaiAppTests.swift */ = {isa = PBXFileReference; lastKnownFileType = sourcecode.swift; path = FirstKadaiAppTests.swift; sourceTree = "<group>"; };
		DFEE28501F23876500562F4A /* Info.plist */ = {isa = PBXFileReference; lastKnownFileType = text.plist.xml; path = Info.plist; sourceTree = "<group>"; };
		DFEE28551F23876500562F4A /* FirstKadaiAppUITests.xctest */ = {isa = PBXFileReference; explicitFileType = wrapper.cfbundle; includeInIndex = 0; path = FirstKadaiAppUITests.xctest; sourceTree = BUILT_PRODUCTS_DIR; };
		DFEE28591F23876500562F4A /* FirstKadaiAppUITests.swift */ = {isa = PBXFileReference; lastKnownFileType = sourcecode.swift; path = FirstKadaiAppUITests.swift; sourceTree = "<group>"; };
		DFEE285B1F23876500562F4A /* Info.plist */ = {isa = PBXFileReference; lastKnownFileType = text.plist.xml; path = Info.plist; sourceTree = "<group>"; };
/* End PBXFileReference section */

/* Begin PBXFrameworksBuildPhase section */
		DFEE28331F23876500562F4A /* Frameworks */ = {
			isa = PBXFrameworksBuildPhase;
			buildActionMask = 2147483647;
			files = (
			);
			runOnlyForDeploymentPostprocessing = 0;
		};
		DFEE28471F23876500562F4A /* Frameworks */ = {
			isa = PBXFrameworksBuildPhase;
			buildActionMask = 2147483647;
			files = (
			);
			runOnlyForDeploymentPostprocessing = 0;
		};
		DFEE28521F23876500562F4A /* Frameworks */ = {
			isa = PBXFrameworksBuildPhase;
			buildActionMask = 2147483647;
			files = (
			);
			runOnlyForDeploymentPostprocessing = 0;
		};
/* End PBXFrameworksBuildPhase section */

/* Begin PBXGroup section */
		DFEE282D1F23876500562F4A = {
			isa = PBXGroup;
			children = (
				DFEE28381F23876500562F4A /* FirstKadaiApp */,
				DFEE284D1F23876500562F4A /* FirstKadaiAppTests */,
				DFEE28581F23876500562F4A /* FirstKadaiAppUITests */,
				DFEE28371F23876500562F4A /* Products */,
			);
			sourceTree = "<group>";
		};
		DFEE28371F23876500562F4A /* Products */ = {
			isa = PBXGroup;
			children = (
				DFEE28361F23876500562F4A /* FirstKadaiApp.app */,
				DFEE284A1F23876500562F4A /* FirstKadaiAppTests.xctest */,
				DFEE28551F23876500562F4A /* FirstKadaiAppUITests.xctest */,
			);
			name = Products;
			sourceTree = "<group>";
		};
		DFEE28381F23876500562F4A /* FirstKadaiApp */ = {
			isa = PBXGroup;
			children = (
				DFEE28391F23876500562F4A /* AppDelegate.swift */,
				DFEE283B1F23876500562F4A /* ViewController.swift */,
				DFEE283D1F23876500562F4A /* Main.storyboard */,
				DFEE28401F23876500562F4A /* Assets.xcassets */,
				DFEE28421F23876500562F4A /* LaunchScreen.storyboard */,
				DFEE28451F23876500562F4A /* Info.plist */,
			);
			path = FirstKadaiApp;
			sourceTree = "<group>";
		};
		DFEE284D1F23876500562F4A /* FirstKadaiAppTests */ = {
			isa = PBXGroup;
			children = (
				DFEE284E1F23876500562F4A /* FirstKadaiAppTests.swift */,
				DFEE28501F23876500562F4A /* Info.plist */,
			);
			path = FirstKadaiAppTests;
			sourceTree = "<group>";
		};
		DFEE28581F23876500562F4A /* FirstKadaiAppUITests */ = {
			isa = PBXGroup;
			children = (
				DFEE28591F23876500562F4A /* FirstKadaiAppUITests.swift */,
				DFEE285B1F23876500562F4A /* Info.plist */,
			);
			path = FirstKadaiAppUITests;
			sourceTree = "<group>";
		};
/* End PBXGroup section */

/* Begin PBXNativeTarget section */
		DFEE28351F23876500562F4A /* FirstKadaiApp */ = {
			isa = PBXNativeTarget;
			buildConfigurationList = DFEE285E1F23876500562F4A /* Build configuration list for PBXNativeTarget "FirstKadaiApp" */;
			buildPhases = (
				DFEE28321F23876500562F4A /* Sources */,
				DFEE28331F23876500562F4A /* Frameworks */,
				DFEE28341F23876500562F4A /* Resources */,
			);
			buildRules = (
			);
			dependencies = (
			);
			name = FirstKadaiApp;
			productName = FirstKadaiApp;
			productReference = DFEE28361F23876500562F4A /* FirstKadaiApp.app */;
			productType = "com.apple.product-type.application";
		};
		DFEE28491F23876500562F4A /* FirstKadaiAppTests */ = {
			isa = PBXNativeTarget;
			buildConfigurationList = DFEE28611F23876500562F4A /* Build configuration list for PBXNativeTarget "FirstKadaiAppTests" */;
			buildPhases = (
				DFEE28461F23876500562F4A /* Sources */,
				DFEE28471F23876500562F4A /* Frameworks */,
				DFEE28481F23876500562F4A /* Resources */,
			);
			buildRules = (
			);
			dependencies = (
				DFEE284C1F23876500562F4A /* PBXTargetDependency */,
			);
			name = FirstKadaiAppTests;
			productName = FirstKadaiAppTests;
			productReference = DFEE284A1F23876500562F4A /* FirstKadaiAppTests.xctest */;
			productType = "com.apple.product-type.bundle.unit-test";
		};
		DFEE28541F23876500562F4A /* FirstKadaiAppUITests */ = {
			isa = PBXNativeTarget;
			buildConfigurationList = DFEE28641F23876500562F4A /* Build configuration list for PBXNativeTarget "FirstKadaiAppUITests" */;
			buildPhases = (
				DFEE28511F23876500562F4A /* Sources */,
				DFEE28521F23876500562F4A /* Frameworks */,
				DFEE28531F23876500562F4A /* Resources */,
			);
			buildRules = (
			);
			dependencies = (
				DFEE28571F23876500562F4A /* PBXTargetDependency */,
			);
			name = FirstKadaiAppUITests;
			productName = FirstKadaiAppUITests;
			productReference = DFEE28551F23876500562F4A /* FirstKadaiAppUITests.xctest */;
			productType = "com.apple.product-type.bundle.ui-testing";
		};
/* End PBXNativeTarget section */

/* Begin PBXProject section */
		DFEE282E1F23876500562F4A /* Project object */ = {
			isa = PBXProject;
			attributes = {
				LastSwiftUpdateCheck = 0830;
				LastUpgradeCheck = 0830;
				ORGANIZATIONNAME = "池田hiroya";
				TargetAttributes = {
					DFEE28351F23876500562F4A = {
						CreatedOnToolsVersion = 8.3.3;
						ProvisioningStyle = Automatic;
					};
					DFEE28491F23876500562F4A = {
						CreatedOnToolsVersion = 8.3.3;
						ProvisioningStyle = Automatic;
						TestTargetID = DFEE28351F23876500562F4A;
					};
					DFEE28541F23876500562F4A = {
						CreatedOnToolsVersion = 8.3.3;
						ProvisioningStyle = Automatic;
						TestTargetID = DFEE28351F23876500562F4A;
					};
				};
			};
			buildConfigurationList = DFEE28311F23876500562F4A /* Build configuration list for PBXProject "FirstKadaiApp" */;
			compatibilityVersion = "Xcode 3.2";
			developmentRegion = English;
			hasScannedForEncodings = 0;
			knownRegions = (
				en,
				Base,
			);
			mainGroup = DFEE282D1F23876500562F4A;
			productRefGroup = DFEE28371F23876500562F4A /* Products */;
			projectDirPath = "";
			projectRoot = "";
			targets = (
				DFEE28351F23876500562F4A /* FirstKadaiApp */,
				DFEE28491F23876500562F4A /* FirstKadaiAppTests */,
				DFEE28541F23876500562F4A /* FirstKadaiAppUITests */,
			);
		};
/* End PBXProject section */

/* Begin PBXResourcesBuildPhase section */
		DFEE28341F23876500562F4A /* Resources */ = {
			isa = PBXResourcesBuildPhase;
			buildActionMask = 2147483647;
			files = (
				DFEE28441F23876500562F4A /* LaunchScreen.storyboard in Resources */,
				DFEE28411F23876500562F4A /* Assets.xcassets in Resources */,
				DFEE283F1F23876500562F4A /* Main.storyboard in Resources */,
			);
			runOnlyForDeploymentPostprocessing = 0;
		};
		DFEE28481F23876500562F4A /* Resources */ = {
			isa = PBXResourcesBuildPhase;
			buildActionMask = 2147483647;
			files = (
			);
			runOnlyForDeploymentPostprocessing = 0;
		};
		DFEE28531F23876500562F4A /* Resources */ = {
			isa = PBXResourcesBuildPhase;
			buildActionMask = 2147483647;
			files = (
			);
			runOnlyForDeploymentPostprocessing = 0;
		};
/* End PBXResourcesBuildPhase section */

/* Begin PBXSourcesBuildPhase section */
		DFEE28321F23876500562F4A /* Sources */ = {
			isa = PBXSourcesBuildPhase;
			buildActionMask = 2147483647;
			files = (
				DFEE283C1F23876500562F4A /* ViewController.swift in Sources */,
				DFEE283A1F23876500562F4A /* AppDelegate.swift in Sources */,
			);
			runOnlyForDeploymentPostprocessing = 0;
		};
		DFEE28461F23876500562F4A /* Sources */ = {
			isa = PBXSourcesBuildPhase;
			buildActionMask = 2147483647;
			files = (
				DFEE284F1F23876500562F4A /* FirstKadaiAppTests.swift in Sources */,
			);
			runOnlyForDeploymentPostprocessing = 0;
		};
		DFEE28511F23876500562F4A /* Sources */ = {
			isa = PBXSourcesBuildPhase;
			buildActionMask = 2147483647;
			files = (
				DFEE285A1F23876500562F4A /* FirstKadaiAppUITests.swift in Sources */,
			);
			runOnlyForDeploymentPostprocessing = 0;
		};
/* End PBXSourcesBuildPhase section */

/* Begin PBXTargetDependency section */
		DFEE284C1F23876500562F4A /* PBXTargetDependency */ = {
			isa = PBXTargetDependency;
			target = DFEE28351F23876500562F4A /* FirstKadaiApp */;
			targetProxy = DFEE284B1F23876500562F4A /* PBXContainerItemProxy */;
		};
		DFEE28571F23876500562F4A /* PBXTargetDependency */ = {
			isa = PBXTargetDependency;
			target = DFEE28351F23876500562F4A /* FirstKadaiApp */;
			targetProxy = DFEE28561F23876500562F4A /* PBXContainerItemProxy */;
		};
/* End PBXTargetDependency section */

/* Begin PBXVariantGroup section */
		DFEE283D1F23876500562F4A /* Main.storyboard */ = {
			isa = PBXVariantGroup;
			children = (
				DFEE283E1F23876500562F4A /* Base */,
			);
			name = Main.storyboard;
			sourceTree = "<group>";
		};
		DFEE28421F23876500562F4A /* LaunchScreen.storyboard */ = {
			isa = PBXVariantGroup;
			children = (
				DFEE28431F23876500562F4A /* Base */,
			);
			name = LaunchScreen.storyboard;
			sourceTree = "<group>";
		};
/* End PBXVariantGroup section */

/* Begin XCBuildConfiguration section */
		DFEE285C1F23876500562F4A /* Debug */ = {
			isa = XCBuildConfiguration;
			buildSettings = {
				ALWAYS_SEARCH_USER_PATHS = NO;
				CLANG_ANALYZER_NONNULL = YES;
				CLANG_ANALYZER_NUMBER_OBJECT_CONVERSION = YES_AGGRESSIVE;
				CLANG_CXX_LANGUAGE_STANDARD = "gnu++0x";
				CLANG_CXX_LIBRARY = "libc++";
				CLANG_ENABLE_MODULES = YES;
				CLANG_ENABLE_OBJC_ARC = YES;
				CLANG_WARN_BOOL_CONVERSION = YES;
				CLANG_WARN_CONSTANT_CONVERSION = YES;
				CLANG_WARN_DIRECT_OBJC_ISA_USAGE = YES_ERROR;
				CLANG_WARN_DOCUMENTATION_COMMENTS = YES;
				CLANG_WARN_EMPTY_BODY = YES;
				CLANG_WARN_ENUM_CONVERSION = YES;
				CLANG_WARN_INFINITE_RECURSION = YES;
				CLANG_WARN_INT_CONVERSION = YES;
				CLANG_WARN_OBJC_ROOT_CLASS = YES_ERROR;
				CLANG_WARN_SUSPICIOUS_MOVE = YES;
				CLANG_WARN_UNREACHABLE_CODE = YES;
				CLANG_WARN__DUPLICATE_METHOD_MATCH = YES;
				"CODE_SIGN_IDENTITY[sdk=iphoneos*]" = "iPhone Developer";
				COPY_PHASE_STRIP = NO;
				DEBUG_INFORMATION_FORMAT = dwarf;
				ENABLE_STRICT_OBJC_MSGSEND = YES;
				ENABLE_TESTABILITY = YES;
				GCC_C_LANGUAGE_STANDARD = gnu99;
				GCC_DYNAMIC_NO_PIC = NO;
				GCC_NO_COMMON_BLOCKS = YES;
				GCC_OPTIMIZATION_LEVEL = 0;
				GCC_PREPROCESSOR_DEFINITIONS = (
					"DEBUG=1",
					"$(inherited)",
				);
				GCC_WARN_64_TO_32_BIT_CONVERSION = YES;
				GCC_WARN_ABOUT_RETURN_TYPE = YES_ERROR;
				GCC_WARN_UNDECLARED_SELECTOR = YES;
				GCC_WARN_UNINITIALIZED_AUTOS = YES_AGGRESSIVE;
				GCC_WARN_UNUSED_FUNCTION = YES;
				GCC_WARN_UNUSED_VARIABLE = YES;
				IPHONEOS_DEPLOYMENT_TARGET = 10.3;
				MTL_ENABLE_DEBUG_INFO = YES;
				ONLY_ACTIVE_ARCH = YES;
				SDKROOT = iphoneos;
				SWIFT_ACTIVE_COMPILATION_CONDITIONS = DEBUG;
				SWIFT_OPTIMIZATION_LEVEL = "-Onone";
			};
			name = Debug;
		};
		DFEE285D1F23876500562F4A /* Release */ = {
			isa = XCBuildConfiguration;
			buildSettings = {
				ALWAYS_SEARCH_USER_PATHS = NO;
				CLANG_ANALYZER_NONNULL = YES;
				CLANG_ANALYZER_NUMBER_OBJECT_CONVERSION = YES_AGGRESSIVE;
				CLANG_CXX_LANGUAGE_STANDARD = "gnu++0x";
				CLANG_CXX_LIBRARY = "libc++";
				CLANG_ENABLE_MODULES = YES;
				CLANG_ENABLE_OBJC_ARC = YES;
				CLANG_WARN_BOOL_CONVERSION = YES;
				CLANG_WARN_CONSTANT_CONVERSION = YES;
				CLANG_WARN_DIRECT_OBJC_ISA_USAGE = YES_ERROR;
				CLANG_WARN_DOCUMENTATION_COMMENTS = YES;
				CLANG_WARN_EMPTY_BODY = YES;
				CLANG_WARN_ENUM_CONVERSION = YES;
				CLANG_WARN_INFINITE_RECURSION = YES;
				CLANG_WARN_INT_CONVERSION = YES;
				CLANG_WARN_OBJC_ROOT_CLASS = YES_ERROR;
				CLANG_WARN_SUSPICIOUS_MOVE = YES;
				CLANG_WARN_UNREACHABLE_CODE = YES;
				CLANG_WARN__DUPLICATE_METHOD_MATCH = YES;
				"CODE_SIGN_IDENTITY[sdk=iphoneos*]" = "iPhone Developer";
				COPY_PHASE_STRIP = NO;
				DEBUG_INFORMATION_FORMAT = "dwarf-with-dsym";
				ENABLE_NS_ASSERTIONS = NO;
				ENABLE_STRICT_OBJC_MSGSEND = YES;
				GCC_C_LANGUAGE_STANDARD = gnu99;
				GCC_NO_COMMON_BLOCKS = YES;
				GCC_WARN_64_TO_32_BIT_CONVERSION = YES;
				GCC_WARN_ABOUT_RETURN_TYPE = YES_ERROR;
				GCC_WARN_UNDECLARED_SELECTOR = YES;
				GCC_WARN_UNINITIALIZED_AUTOS = YES_AGGRESSIVE;
				GCC_WARN_UNUSED_FUNCTION = YES;
				GCC_WARN_UNUSED_VARIABLE = YES;
				IPHONEOS_DEPLOYMENT_TARGET = 10.3;
				MTL_ENABLE_DEBUG_INFO = NO;
				SDKROOT = iphoneos;
				SWIFT_OPTIMIZATION_LEVEL = "-Owholemodule";
				VALIDATE_PRODUCT = YES;
			};
			name = Release;
		};
		DFEE285F1F23876500562F4A /* Debug */ = {
			isa = XCBuildConfiguration;
			buildSettings = {
				ASSETCATALOG_COMPILER_APPICON_NAME = AppIcon;
				INFOPLIST_FILE = FirstKadaiApp/Info.plist;
				LD_RUNPATH_SEARCH_PATHS = "$(inherited) @executable_path/Frameworks";
				PRODUCT_BUNDLE_IDENTIFIER = jp.techacademy.hiroya.ikeda.FirstKadaiApp;
				PRODUCT_NAME = "$(TARGET_NAME)";
				SWIFT_VERSION = 3.0;
			};
			name = Debug;
		};
		DFEE28601F23876500562F4A /* Release */ = {
			isa = XCBuildConfiguration;
			buildSettings = {
				ASSETCATALOG_COMPILER_APPICON_NAME = AppIcon;
				INFOPLIST_FILE = FirstKadaiApp/Info.plist;
				LD_RUNPATH_SEARCH_PATHS = "$(inherited) @executable_path/Frameworks";
				PRODUCT_BUNDLE_IDENTIFIER = jp.techacademy.hiroya.ikeda.FirstKadaiApp;
				PRODUCT_NAME = "$(TARGET_NAME)";
				SWIFT_VERSION = 3.0;
			};
			name = Release;
		};
		DFEE28621F23876500562F4A /* Debug */ = {
			isa = XCBuildConfiguration;
			buildSettings = {
				ALWAYS_EMBED_SWIFT_STANDARD_LIBRARIES = YES;
				BUNDLE_LOADER = "$(TEST_HOST)";
				INFOPLIST_FILE = FirstKadaiAppTests/Info.plist;
				LD_RUNPATH_SEARCH_PATHS = "$(inherited) @executable_path/Frameworks @loader_path/Frameworks";
				PRODUCT_BUNDLE_IDENTIFIER = jp.techacademy.hiroya.ikeda.FirstKadaiAppTests;
				PRODUCT_NAME = "$(TARGET_NAME)";
				SWIFT_VERSION = 3.0;
				TEST_HOST = "$(BUILT_PRODUCTS_DIR)/FirstKadaiApp.app/FirstKadaiApp";
			};
			name = Debug;
		};
		DFEE28631F23876500562F4A /* Release */ = {
			isa = XCBuildConfiguration;
			buildSettings = {
				ALWAYS_EMBED_SWIFT_STANDARD_LIBRARIES = YES;
				BUNDLE_LOADER = "$(TEST_HOST)";
				INFOPLIST_FILE = FirstKadaiAppTests/Info.plist;
				LD_RUNPATH_SEARCH_PATHS = "$(inherited) @executable_path/Frameworks @loader_path/Frameworks";
				PRODUCT_BUNDLE_IDENTIFIER = jp.techacademy.hiroya.ikeda.FirstKadaiAppTests;
				PRODUCT_NAME = "$(TARGET_NAME)";
				SWIFT_VERSION = 3.0;
				TEST_HOST = "$(BUILT_PRODUCTS_DIR)/FirstKadaiApp.app/FirstKadaiApp";
			};
			name = Release;
		};
		DFEE28651F23876500562F4A /* Debug */ = {
			isa = XCBuildConfiguration;
			buildSettings = {
				ALWAYS_EMBED_SWIFT_STANDARD_LIBRARIES = YES;
				INFOPLIST_FILE = FirstKadaiAppUITests/Info.plist;
				LD_RUNPATH_SEARCH_PATHS = "$(inherited) @executable_path/Frameworks @loader_path/Frameworks";
				PRODUCT_BUNDLE_IDENTIFIER = jp.techacademy.hiroya.ikeda.FirstKadaiAppUITests;
				PRODUCT_NAME = "$(TARGET_NAME)";
				SWIFT_VERSION = 3.0;
				TEST_TARGET_NAME = FirstKadaiApp;
			};
			name = Debug;
		};
		DFEE28661F23876500562F4A /* Release */ = {
			isa = XCBuildConfiguration;
			buildSettings = {
				ALWAYS_EMBED_SWIFT_STANDARD_LIBRARIES = YES;
				INFOPLIST_FILE = FirstKadaiAppUITests/Info.plist;
				LD_RUNPATH_SEARCH_PATHS = "$(inherited) @executable_path/Frameworks @loader_path/Frameworks";
				PRODUCT_BUNDLE_IDENTIFIER = jp.techacademy.hiroya.ikeda.FirstKadaiAppUITests;
				PRODUCT_NAME = "$(TARGET_NAME)";
				SWIFT_VERSION = 3.0;
				TEST_TARGET_NAME = FirstKadaiApp;
			};
			name = Release;
		};
/* End XCBuildConfiguration section */

/* Begin XCConfigurationList section */
		DFEE28311F23876500562F4A /* Build configuration list for PBXProject "FirstKadaiApp" */ = {
			isa = XCConfigurationList;
			buildConfigurations = (
				DFEE285C1F23876500562F4A /* Debug */,
				DFEE285D1F23876500562F4A /* Release */,
			);
			defaultConfigurationIsVisible = 0;
			defaultConfigurationName = Release;
		};
		DFEE285E1F23876500562F4A /* Build configuration list for PBXNativeTarget "FirstKadaiApp" */ = {
			isa = XCConfigurationList;
			buildConfigurations = (
				DFEE285F1F23876500562F4A /* Debug */,
				DFEE28601F23876500562F4A /* Release */,
			);
			defaultConfigurationIsVisible = 0;
		};
		DFEE28611F23876500562F4A /* Build configuration list for PBXNativeTarget "FirstKadaiAppTests" */ = {
			isa = XCConfigurationList;
			buildConfigurations = (
				DFEE28621F23876500562F4A /* Debug */,
				DFEE28631F23876500562F4A /* Release */,
			);
			defaultConfigurationIsVisible = 0;
		};
		DFEE28641F23876500562F4A /* Build configuration list for PBXNativeTarget "FirstKadaiAppUITests" */ = {
			isa = XCConfigurationList;
			buildConfigurations = (
				DFEE28651F23876500562F4A /* Debug */,
				DFEE28661F23876500562F4A /* Release */,
			);
			defaultConfigurationIsVisible = 0;
		};
/* End XCConfigurationList section */
	};
	rootObject = DFEE282E1F23876500562F4A /* Project object */;
}
